
Microsoft Visual Studio Solution File, Format Version 15.00
# Visual Studio 2017
Project("{FAE04EC0-301F-11D3-BF4B-00C04F79EFBC}") = "webservices", "webservices.csproj", "{1729C1D1-C20C-4443-BDCC-567112B5107A}"
EndProject
Global
	GlobalSection(SolutionConfigurationPlatforms) = preSolution
		Debug|Any CPU = Debug|Any CPU
		Release|Any CPU = Release|Any CPU
	EndGlobalSection
	GlobalSection(ProjectConfigurationPlatforms) = postSolution
		{1729C1D1-C20C-4443-BDCC-567112B5107A}.Debug|Any CPU.ActiveCfg = Debug|Any CPU
		{1729C1D1-C20C-4443-BDCC-567112B5107A}.Debug|Any CPU.Build.0 = Debug|Any CPU
		{1729C1D1-C20C-4443-BDCC-567112B5107A}.Release|Any CPU.ActiveCfg = Release|Any CPU
		{1729C1D1-C20C-4443-BDCC-567112B5107A}.Release|Any CPU.Build.0 = Release|Any CPU
	EndGlobalSection
EndGlobal
